
Microsoft Visual Studio Solution File, Format Version 12.00
# Visual Studio Version 16
VisualStudioVersion = 16.0.30104.148
MinimumVisualStudioVersion = 10.0.40219.1
Project("{9A19103F-16F7-4668-BE54-9A1E7A4F7556}") = "AspNetCoreMovie", "AspNetCoreMovie.csproj", "{BF74D78B-DE4B-48E8-AA8B-702363D34771}"
EndProject
Global
	GlobalSection(SolutionConfigurationPlatforms) = preSolution
		Debug|Any CPU = Debug|Any CPU
		Release|Any CPU = Release|Any CPU
	EndGlobalSection
	GlobalSection(ProjectConfigurationPlatforms) = postSolution
		{BF74D78B-DE4B-48E8-AA8B-702363D34771}.Debug|Any CPU.ActiveCfg = Debug|Any CPU
		{BF74D78B-DE4B-48E8-AA8B-702363D34771}.Debug|Any CPU.Build.0 = Debug|Any CPU
		{BF74D78B-DE4B-48E8-AA8B-702363D34771}.Release|Any CPU.ActiveCfg = Release|Any CPU
		{BF74D78B-DE4B-48E8-AA8B-702363D34771}.Release|Any CPU.Build.0 = Release|Any CPU
	EndGlobalSection
	GlobalSection(SolutionProperties) = preSolution
		HideSolutionNode = FALSE
	EndGlobalSection
	GlobalSection(ExtensibilityGlobals) = postSolution
		SolutionGuid = {1A1C482F-73AA-4338-A959-D78BD7A0D5D5}
	EndGlobalSection
EndGlobal
